
Microsoft Visual Studio Solution File, Format Version 12.00
# Visual Studio 15
VisualStudioVersion = 15.0.26730.10
MinimumVisualStudioVersion = 10.0.40219.1
Project("{FAE04EC0-301F-11D3-BF4B-00C04F79EFBC}") = "Problem 06 - Two Numbers Sum", "Problem 06 - Two Numbers Sum\Problem 06 - Two Numbers Sum.csproj", "{B7FDCB8D-4905-4978-A7DA-0F5E16437BB6}"
EndProject
Global
	GlobalSection(SolutionConfigurationPlatforms) = preSolution
		Debug|Any CPU = Debug|Any CPU
		Release|Any CPU = Release|Any CPU
	EndGlobalSection
	GlobalSection(ProjectConfigurationPlatforms) = postSolution
		{B7FDCB8D-4905-4978-A7DA-0F5E16437BB6}.Debug|Any CPU.ActiveCfg = Debug|Any CPU
		{B7FDCB8D-4905-4978-A7DA-0F5E16437BB6}.Debug|Any CPU.Build.0 = Debug|Any CPU
		{B7FDCB8D-4905-4978-A7DA-0F5E16437BB6}.Release|Any CPU.ActiveCfg = Release|Any CPU
		{B7FDCB8D-4905-4978-A7DA-0F5E16437BB6}.Release|Any CPU.Build.0 = Release|Any CPU
	EndGlobalSection
	GlobalSection(SolutionProperties) = preSolution
		HideSolutionNode = FALSE
	EndGlobalSection
	GlobalSection(ExtensibilityGlobals) = postSolution
		SolutionGuid = {91C48184-D72C-4075-BC22-C633B2448727}
	EndGlobalSection
EndGlobal
